
Microsoft Visual Studio Solution File, Format Version 12.00
# Visual Studio Version 16
VisualStudioVersion = 16.0.31515.178
MinimumVisualStudioVersion = 10.0.40219.1
Project("{FAE04EC0-301F-11D3-BF4B-00C04F79EFBC}") = "my_books", "my_books\my_books.csproj", "{0D178957-128A-4330-8105-96EF66CCA6D3}"
EndProject
Global
	GlobalSection(SolutionConfigurationPlatforms) = preSolution
		Debug|Any CPU = Debug|Any CPU
		Release|Any CPU = Release|Any CPU
	EndGlobalSection
	GlobalSection(ProjectConfigurationPlatforms) = postSolution
		{0D178957-128A-4330-8105-96EF66CCA6D3}.Debug|Any CPU.ActiveCfg = Debug|Any CPU
		{0D178957-128A-4330-8105-96EF66CCA6D3}.Debug|Any CPU.Build.0 = Debug|Any CPU
		{0D178957-128A-4330-8105-96EF66CCA6D3}.Release|Any CPU.ActiveCfg = Release|Any CPU
		{0D178957-128A-4330-8105-96EF66CCA6D3}.Release|Any CPU.Build.0 = Release|Any CPU
	EndGlobalSection
	GlobalSection(SolutionProperties) = preSolution
		HideSolutionNode = FALSE
	EndGlobalSection
	GlobalSection(ExtensibilityGlobals) = postSolution
		SolutionGuid = {CABEFE02-FD2A-43EC-BF9A-F90D4440FBC8}
	EndGlobalSection
EndGlobal
